<Solution>
  <Folder Name="/samples/">
    <Project Path="samples/NativeBeam.Demo.Templating/NativeBeam.Demo.Templating.csproj" />
    <Project Path="samples/NativeBeam.Demo/NativeBeam.Demo.csproj" />
  </Folder>
  <Folder Name="/src/">
    <Project Path="src/NativeBeam.Pdf/NativeBeam.Pdf.csproj" />
  </Folder>
  <Folder Name="/tests/">
    <Project Path="tests/NativeBeam.Pdf.Tests/NativeBeam.Pdf.Tests.csproj" />
  </Folder>
</Solution>
